
Microsoft Visual Studio Solution File, Format Version 12.00
# Visual Studio 15
VisualStudioVersion = 15.0.26730.3
MinimumVisualStudioVersion = 10.0.40219.1
Project("{FAE04EC0-301F-11D3-BF4B-00C04F79EFBC}") = "SlidingTabTutorial", "SlidingTabTutorial\SlidingTabTutorial.csproj", "{601E7CE0-69D1-4F45-AE2B-ADDBD3C1C9B9}"
EndProject
Global
	GlobalSection(SolutionConfigurationPlatforms) = preSolution
		Debug|Any CPU = Debug|Any CPU
		Release|Any CPU = Release|Any CPU
	EndGlobalSection
	GlobalSection(ProjectConfigurationPlatforms) = postSolution
		{601E7CE0-69D1-4F45-AE2B-ADDBD3C1C9B9}.Debug|Any CPU.ActiveCfg = Debug|Any CPU
		{601E7CE0-69D1-4F45-AE2B-ADDBD3C1C9B9}.Debug|Any CPU.Build.0 = Debug|Any CPU
		{601E7CE0-69D1-4F45-AE2B-ADDBD3C1C9B9}.Debug|Any CPU.Deploy.0 = Debug|Any CPU
		{601E7CE0-69D1-4F45-AE2B-ADDBD3C1C9B9}.Release|Any CPU.ActiveCfg = Release|Any CPU
		{601E7CE0-69D1-4F45-AE2B-ADDBD3C1C9B9}.Release|Any CPU.Build.0 = Release|Any CPU
		{601E7CE0-69D1-4F45-AE2B-ADDBD3C1C9B9}.Release|Any CPU.Deploy.0 = Release|Any CPU
	EndGlobalSection
	GlobalSection(SolutionProperties) = preSolution
		HideSolutionNode = FALSE
	EndGlobalSection
	GlobalSection(ExtensibilityGlobals) = postSolution
		SolutionGuid = {2796E1C4-C809-4BCB-BFEB-3E3E8C21D8F0}
	EndGlobalSection
EndGlobal
