
Microsoft Visual Studio Solution File, Format Version 12.00
# Visual Studio 15
VisualStudioVersion = 15.0.26730.3
MinimumVisualStudioVersion = 10.0.40219.1
Project("{FAE04EC0-301F-11D3-BF4B-00C04F79EFBC}") = "LoginSystem", "LoginSystem\LoginSystem.csproj", "{DD320536-1038-46C2-9691-51F87EFF1665}"
EndProject
Global
	GlobalSection(SolutionConfigurationPlatforms) = preSolution
		Debug|Any CPU = Debug|Any CPU
		Release|Any CPU = Release|Any CPU
	EndGlobalSection
	GlobalSection(ProjectConfigurationPlatforms) = postSolution
		{DD320536-1038-46C2-9691-51F87EFF1665}.Debug|Any CPU.ActiveCfg = Debug|Any CPU
		{DD320536-1038-46C2-9691-51F87EFF1665}.Debug|Any CPU.Build.0 = Debug|Any CPU
		{DD320536-1038-46C2-9691-51F87EFF1665}.Debug|Any CPU.Deploy.0 = Debug|Any CPU
		{DD320536-1038-46C2-9691-51F87EFF1665}.Release|Any CPU.ActiveCfg = Release|Any CPU
		{DD320536-1038-46C2-9691-51F87EFF1665}.Release|Any CPU.Build.0 = Release|Any CPU
		{DD320536-1038-46C2-9691-51F87EFF1665}.Release|Any CPU.Deploy.0 = Release|Any CPU
	EndGlobalSection
	GlobalSection(SolutionProperties) = preSolution
		HideSolutionNode = FALSE
	EndGlobalSection
	GlobalSection(ExtensibilityGlobals) = postSolution
		SolutionGuid = {7196F44E-0438-48BE-853C-0477D300B3E4}
	EndGlobalSection
EndGlobal
